
Microsoft Visual Studio Solution File, Format Version 12.00
# Visual Studio Version 17
VisualStudioVersion = 17.0.32002.185
MinimumVisualStudioVersion = 10.0.40219.1
Project("{9A19103F-16F7-4668-BE54-9A1E7A4F7556}") = "whshIsometricScheme", "whshIsometricScheme\whshIsometricScheme.csproj", "{9CCCD4D7-D272-456D-AB25-2E45599DC888}"
EndProject
Global
	GlobalSection(SolutionConfigurationPlatforms) = preSolution
		Debug|x64 = Debug|x64
		R2017|x64 = R2017|x64
		R2018|x64 = R2018|x64
		R2019|x64 = R2019|x64
		R2020|x64 = R2020|x64
		R2021|x64 = R2021|x64
		R2022|x64 = R2022|x64
	EndGlobalSection
	GlobalSection(ProjectConfigurationPlatforms) = postSolution
		{9CCCD4D7-D272-456D-AB25-2E45599DC888}.Debug|x64.ActiveCfg = Debug|x64
		{9CCCD4D7-D272-456D-AB25-2E45599DC888}.R2017|x64.ActiveCfg = R2017|x64
		{9CCCD4D7-D272-456D-AB25-2E45599DC888}.R2017|x64.Build.0 = R2017|x64
		{9CCCD4D7-D272-456D-AB25-2E45599DC888}.R2018|x64.ActiveCfg = R2018|x64
		{9CCCD4D7-D272-456D-AB25-2E45599DC888}.R2018|x64.Build.0 = R2018|x64
		{9CCCD4D7-D272-456D-AB25-2E45599DC888}.R2019|x64.ActiveCfg = R2019|x64
		{9CCCD4D7-D272-456D-AB25-2E45599DC888}.R2019|x64.Build.0 = R2019|x64
		{9CCCD4D7-D272-456D-AB25-2E45599DC888}.R2020|x64.ActiveCfg = R2020|x64
		{9CCCD4D7-D272-456D-AB25-2E45599DC888}.R2020|x64.Build.0 = R2020|x64
		{9CCCD4D7-D272-456D-AB25-2E45599DC888}.R2021|x64.ActiveCfg = R2021|x64
		{9CCCD4D7-D272-456D-AB25-2E45599DC888}.R2021|x64.Build.0 = R2021|x64
		{9CCCD4D7-D272-456D-AB25-2E45599DC888}.R2022|x64.ActiveCfg = R2022|x64
		{9CCCD4D7-D272-456D-AB25-2E45599DC888}.R2022|x64.Build.0 = R2022|x64
	EndGlobalSection
	GlobalSection(SolutionProperties) = preSolution
		HideSolutionNode = FALSE
	EndGlobalSection
	GlobalSection(ExtensibilityGlobals) = postSolution
		SolutionGuid = {9D128043-A410-46D2-A663-18BF5F0D5E90}
	EndGlobalSection
EndGlobal
